dependencies:
- name: redis
  repository: https://charts.bitnami.com/bitnami
  version: 17.2.0
- name: postgresql
  repository: https://charts.bitnami.com/bitnami
  version: 11.9.13
- name: nmaas-bastion-ng
  repository: https://artifactory.software.geant.org/artifactory/nmaas-helm-stable-local
  version: 3.0.0
digest: sha256:0d3b2f136a65f63bd0dd032e71b797428090fdeaa91e11d062698da73fe960f6
generated: "2023-07-27T13:56:52.734304465+02:00"
