dependencies:
- name: redis
  repository: https://charts.bitnami.com/bitnami
  version: 17.2.0
- name: postgresql
  repository: https://charts.bitnami.com/bitnami
  version: 11.9.13
- name: nmaas-bastion-ng
  repository: https://artifactory.software.geant.org/artifactory/nmaas-helm-stable-local
  version: 3.0.1
digest: sha256:3af2e6e8b07d4dc9dcc176bd81c7aeb38d523a10d868f51c243b66fe7244baab
generated: "2024-03-03T19:03:11.467339574+01:00"
